
Microsoft Visual Studio Solution File, Format Version 12.00
# Visual Studio Version 16
VisualStudioVersion = 16.0.30330.147
MinimumVisualStudioVersion = 10.0.40219.1
Project("{FAE04EC0-301F-11D3-BF4B-00C04F79EFBC}") = "NK_Back-end_API", "NK_Back-end_API\NK_Back-end_API.csproj", "{E7163C98-F520-4E77-B24F-E404E531359F}"
EndProject
Project("{FAE04EC0-301F-11D3-BF4B-00C04F79EFBC}") = "NK_Back-end_API.Tests", "NK_Back-end_API.Tests\NK_Back-end_API.Tests.csproj", "{0C4C5468-887B-4587-AC50-70674C629336}"
EndProject
Global
	GlobalSection(SolutionConfigurationPlatforms) = preSolution
		Debug|Any CPU = Debug|Any CPU
		Release|Any CPU = Release|Any CPU
	EndGlobalSection
	GlobalSection(ProjectConfigurationPlatforms) = postSolution
		{E7163C98-F520-4E77-B24F-E404E531359F}.Debug|Any CPU.ActiveCfg = Debug|Any CPU
		{E7163C98-F520-4E77-B24F-E404E531359F}.Debug|Any CPU.Build.0 = Debug|Any CPU
		{E7163C98-F520-4E77-B24F-E404E531359F}.Release|Any CPU.ActiveCfg = Release|Any CPU
		{E7163C98-F520-4E77-B24F-E404E531359F}.Release|Any CPU.Build.0 = Release|Any CPU
		{0C4C5468-887B-4587-AC50-70674C629336}.Debug|Any CPU.ActiveCfg = Debug|Any CPU
		{0C4C5468-887B-4587-AC50-70674C629336}.Debug|Any CPU.Build.0 = Debug|Any CPU
		{0C4C5468-887B-4587-AC50-70674C629336}.Release|Any CPU.ActiveCfg = Release|Any CPU
		{0C4C5468-887B-4587-AC50-70674C629336}.Release|Any CPU.Build.0 = Release|Any CPU
	EndGlobalSection
	GlobalSection(SolutionProperties) = preSolution
		HideSolutionNode = FALSE
	EndGlobalSection
	GlobalSection(ExtensibilityGlobals) = postSolution
		SolutionGuid = {EA50246A-F469-42CE-82DD-EC4DC6E76E7C}
	EndGlobalSection
EndGlobal
